// !$*UTF8*$!
{
	archiveVersion = 1;
	classes = {
	};
	objectVersion = 50;
	objects = {

/* Begin PBXBuildFile section */
		666CCB9F2470D13A0067E7BC /* WeatherModel.swift in Sources */ = {isa = PBXBuildFile; fileRef = 666CCB9C2470CC140067E7BC /* WeatherModel.swift */; };
		668272682460363200E5082F /* background.jpg in Resources */ = {isa = PBXBuildFile; fileRef = 668272672460363200E5082F /* background.jpg */; };
		6682726A2460432700E5082F /* WeatherManager.swift in Sources */ = {isa = PBXBuildFile; fileRef = 668272692460432700E5082F /* WeatherManager.swift */; };
		6682726C24604C7700E5082F /* WeatherData.swift in Sources */ = {isa = PBXBuildFile; fileRef = 6682726B24604C7700E5082F /* WeatherData.swift */; };
		74615ABE245EA0EC00B078E9 /* AppDelegate.swift in Sources */ = {isa = PBXBuildFile; fileRef = 74615ABD245EA0EC00B078E9 /* AppDelegate.swift */; };
		74615AC0245EA0EC00B078E9 /* SceneDelegate.swift in Sources */ = {isa = PBXBuildFile; fileRef = 74615ABF245EA0EC00B078E9 /* SceneDelegate.swift */; };
		74615AC2245EA0EC00B078E9 /* ViewController.swift in Sources */ = {isa = PBXBuildFile; fileRef = 74615AC1245EA0EC00B078E9 /* ViewController.swift */; };
		74615AC5245EA0EC00B078E9 /* Main.storyboard in Resources */ = {isa = PBXBuildFile; fileRef = 74615AC3245EA0EC00B078E9 /* Main.storyboard */; };
		74615AC7245EA0F400B078E9 /* Assets.xcassets in Resources */ = {isa = PBXBuildFile; fileRef = 74615AC6245EA0F400B078E9 /* Assets.xcassets */; };
		74615ACA245EA0F400B078E9 /* LaunchScreen.storyboard in Resources */ = {isa = PBXBuildFile; fileRef = 74615AC8245EA0F400B078E9 /* LaunchScreen.storyboard */; };
/* End PBXBuildFile section */

/* Begin PBXFileReference section */
		666CCB9C2470CC140067E7BC /* WeatherModel.swift */ = {isa = PBXFileReference; lastKnownFileType = sourcecode.swift; path = WeatherModel.swift; sourceTree = "<group>"; };
		668272672460363200E5082F /* background.jpg */ = {isa = PBXFileReference; lastKnownFileType = image.jpeg; path = background.jpg; sourceTree = "<group>"; };
		668272692460432700E5082F /* WeatherManager.swift */ = {isa = PBXFileReference; lastKnownFileType = sourcecode.swift; path = WeatherManager.swift; sourceTree = "<group>"; };
		6682726B24604C7700E5082F /* WeatherData.swift */ = {isa = PBXFileReference; lastKnownFileType = sourcecode.swift; path = WeatherData.swift; sourceTree = "<group>"; };
		74615ABA245EA0EC00B078E9 /* Chance of Rain.app */ = {isa = PBXFileReference; explicitFileType = wrapper.application; includeInIndex = 0; path = "Chance of Rain.app"; sourceTree = BUILT_PRODUCTS_DIR; };
		74615ABD245EA0EC00B078E9 /* AppDelegate.swift */ = {isa = PBXFileReference; lastKnownFileType = sourcecode.swift; path = AppDelegate.swift; sourceTree = "<group>"; };
		74615ABF245EA0EC00B078E9 /* SceneDelegate.swift */ = {isa = PBXFileReference; lastKnownFileType = sourcecode.swift; path = SceneDelegate.swift; sourceTree = "<group>"; };
		74615AC1245EA0EC00B078E9 /* ViewController.swift */ = {isa = PBXFileReference; lastKnownFileType = sourcecode.swift; path = ViewController.swift; sourceTree = "<group>"; };
		74615AC4245EA0EC00B078E9 /* Base */ = {isa = PBXFileReference; lastKnownFileType = file.storyboard; name = Base; path = Base.lproj/Main.storyboard; sourceTree = "<group>"; };
		74615AC6245EA0F400B078E9 /* Assets.xcassets */ = {isa = PBXFileReference; lastKnownFileType = folder.assetcatalog; path = Assets.xcassets; sourceTree = "<group>"; };
		74615AC9245EA0F400B078E9 /* Base */ = {isa = PBXFileReference; lastKnownFileType = file.storyboard; name = Base; path = Base.lproj/LaunchScreen.storyboard; sourceTree = "<group>"; };
		74615ACB245EA0F400B078E9 /* Info.plist */ = {isa = PBXFileReference; lastKnownFileType = text.plist.xml; path = Info.plist; sourceTree = "<group>"; };
/* End PBXFileReference section */

/* Begin PBXFrameworksBuildPhase section */
		74615AB7245EA0EC00B078E9 /* Frameworks */ = {
			isa = PBXFrameworksBuildPhase;
			buildActionMask = 2147483647;
			files = (
			);
			runOnlyForDeploymentPostprocessing = 0;
		};
/* End PBXFrameworksBuildPhase section */

/* Begin PBXGroup section */
		74615AB1245EA0EC00B078E9 = {
			isa = PBXGroup;
			children = (
				74615ABC245EA0EC00B078E9 /* Chance of Rain */,
				74615ABB245EA0EC00B078E9 /* Products */,
			);
			sourceTree = "<group>";
		};
		74615ABB245EA0EC00B078E9 /* Products */ = {
			isa = PBXGroup;
			children = (
				74615ABA245EA0EC00B078E9 /* Chance of Rain.app */,
			);
			name = Products;
			sourceTree = "<group>";
		};
		74615ABC245EA0EC00B078E9 /* Chance of Rain */ = {
			isa = PBXGroup;
			children = (
				74615ABD245EA0EC00B078E9 /* AppDelegate.swift */,
				666CCB9C2470CC140067E7BC /* WeatherModel.swift */,
				74615ABF245EA0EC00B078E9 /* SceneDelegate.swift */,
				74615AC3245EA0EC00B078E9 /* Main.storyboard */,
				668272692460432700E5082F /* WeatherManager.swift */,
				6682726B24604C7700E5082F /* WeatherData.swift */,
				74615AC1245EA0EC00B078E9 /* ViewController.swift */,
				74615AC6245EA0F400B078E9 /* Assets.xcassets */,
				668272672460363200E5082F /* background.jpg */,
				74615AC8245EA0F400B078E9 /* LaunchScreen.storyboard */,
				74615ACB245EA0F400B078E9 /* Info.plist */,
			);
			path = "Chance of Rain";
			sourceTree = "<group>";
		};
/* End PBXGroup section */

/* Begin PBXNativeTarget section */
		74615AB9245EA0EC00B078E9 /* Chance of Rain */ = {
			isa = PBXNativeTarget;
			buildConfigurationList = 74615ACE245EA0F400B078E9 /* Build configuration list for PBXNativeTarget "Chance of Rain" */;
			buildPhases = (
				74615AB6245EA0EC00B078E9 /* Sources */,
				74615AB7245EA0EC00B078E9 /* Frameworks */,
				74615AB8245EA0EC00B078E9 /* Resources */,
			);
			buildRules = (
			);
			dependencies = (
			);
			name = "Chance of Rain";
			productName = "Chance of Rain";
			productReference = 74615ABA245EA0EC00B078E9 /* Chance of Rain.app */;
			productType = "com.apple.product-type.application";
		};
/* End PBXNativeTarget section */

/* Begin PBXProject section */
		74615AB2245EA0EC00B078E9 /* Project object */ = {
			isa = PBXProject;
			attributes = {
				LastSwiftUpdateCheck = 1140;
				LastUpgradeCheck = 1140;
				ORGANIZATIONNAME = "Yuya Harada";
				TargetAttributes = {
					74615AB9245EA0EC00B078E9 = {
						CreatedOnToolsVersion = 11.4.1;
					};
				};
			};
			buildConfigurationList = 74615AB5245EA0EC00B078E9 /* Build configuration list for PBXProject "Chance of Rain" */;
			compatibilityVersion = "Xcode 9.3";
			developmentRegion = en;
			hasScannedForEncodings = 0;
			knownRegions = (
				en,
				Base,
			);
			mainGroup = 74615AB1245EA0EC00B078E9;
			productRefGroup = 74615ABB245EA0EC00B078E9 /* Products */;
			projectDirPath = "";
			projectRoot = "";
			targets = (
				74615AB9245EA0EC00B078E9 /* Chance of Rain */,
			);
		};
/* End PBXProject section */

/* Begin PBXResourcesBuildPhase section */
		74615AB8245EA0EC00B078E9 /* Resources */ = {
			isa = PBXResourcesBuildPhase;
			buildActionMask = 2147483647;
			files = (
				74615ACA245EA0F400B078E9 /* LaunchScreen.storyboard in Resources */,
				668272682460363200E5082F /* background.jpg in Resources */,
				74615AC7245EA0F400B078E9 /* Assets.xcassets in Resources */,
				74615AC5245EA0EC00B078E9 /* Main.storyboard in Resources */,
			);
			runOnlyForDeploymentPostprocessing = 0;
		};
/* End PBXResourcesBuildPhase section */

/* Begin PBXSourcesBuildPhase section */
		74615AB6245EA0EC00B078E9 /* Sources */ = {
			isa = PBXSourcesBuildPhase;
			buildActionMask = 2147483647;
			files = (
				6682726A2460432700E5082F /* WeatherManager.swift in Sources */,
				6682726C24604C7700E5082F /* WeatherData.swift in Sources */,
				74615AC2245EA0EC00B078E9 /* ViewController.swift in Sources */,
				74615ABE245EA0EC00B078E9 /* AppDelegate.swift in Sources */,
				666CCB9F2470D13A0067E7BC /* WeatherModel.swift in Sources */,
				74615AC0245EA0EC00B078E9 /* SceneDelegate.swift in Sources */,
			);
			runOnlyForDeploymentPostprocessing = 0;
		};
/* End PBXSourcesBuildPhase section */

/* Begin PBXVariantGroup section */
		74615AC3245EA0EC00B078E9 /* Main.storyboard */ = {
			isa = PBXVariantGroup;
			children = (
				74615AC4245EA0EC00B078E9 /* Base */,
			);
			name = Main.storyboard;
			sourceTree = "<group>";
		};
		74615AC8245EA0F400B078E9 /* LaunchScreen.storyboard */ = {
			isa = PBXVariantGroup;
			children = (
				74615AC9245EA0F400B078E9 /* Base */,
			);
			name = LaunchScreen.storyboard;
			sourceTree = "<group>";
		};
/* End PBXVariantGroup section */

/* Begin XCBuildConfiguration section */
		74615ACC245EA0F400B078E9 /* Debug */ = {
			isa = XCBuildConfiguration;
			buildSettings = {
				ALWAYS_SEARCH_USER_PATHS = NO;
				CLANG_ANALYZER_NONNULL = YES;
				CLANG_ANALYZER_NUMBER_OBJECT_CONVERSION = YES_AGGRESSIVE;
				CLANG_CXX_LANGUAGE_STANDARD = "gnu++14";
				CLANG_CXX_LIBRARY = "libc++";
				CLANG_ENABLE_MODULES = YES;
				CLANG_ENABLE_OBJC_ARC = YES;
				CLANG_ENABLE_OBJC_WEAK = YES;
				CLANG_WARN_BLOCK_CAPTURE_AUTORELEASING = YES;
				CLANG_WARN_BOOL_CONVERSION = YES;
				CLANG_WARN_COMMA = YES;
				CLANG_WARN_CONSTANT_CONVERSION = YES;
				CLANG_WARN_DEPRECATED_OBJC_IMPLEMENTATIONS = YES;
				CLANG_WARN_DIRECT_OBJC_ISA_USAGE = YES_ERROR;
				CLANG_WARN_DOCUMENTATION_COMMENTS = YES;
				CLANG_WARN_EMPTY_BODY = YES;
				CLANG_WARN_ENUM_CONVERSION = YES;
				CLANG_WARN_INFINITE_RECURSION = YES;
				CLANG_WARN_INT_CONVERSION = YES;
				CLANG_WARN_NON_LITERAL_NULL_CONVERSION = YES;
				CLANG_WARN_OBJC_IMPLICIT_RETAIN_SELF = YES;
				CLANG_WARN_OBJC_LITERAL_CONVERSION = YES;
				CLANG_WARN_OBJC_ROOT_CLASS = YES_ERROR;
				CLANG_WARN_RANGE_LOOP_ANALYSIS = YES;
				CLANG_WARN_STRICT_PROTOTYPES = YES;
				CLANG_WARN_SUSPICIOUS_MOVE = YES;
				CLANG_WARN_UNGUARDED_AVAILABILITY = YES_AGGRESSIVE;
				CLANG_WARN_UNREACHABLE_CODE = YES;
				CLANG_WARN__DUPLICATE_METHOD_MATCH = YES;
				COPY_PHASE_STRIP = NO;
				DEBUG_INFORMATION_FORMAT = dwarf;
				ENABLE_STRICT_OBJC_MSGSEND = YES;
				ENABLE_TESTABILITY = YES;
				GCC_C_LANGUAGE_STANDARD = gnu11;
				GCC_DYNAMIC_NO_PIC = NO;
				GCC_NO_COMMON_BLOCKS = YES;
				GCC_OPTIMIZATION_LEVEL = 0;
				GCC_PREPROCESSOR_DEFINITIONS = (
					"DEBUG=1",
					"$(inherited)",
				);
				GCC_WARN_64_TO_32_BIT_CONVERSION = YES;
				GCC_WARN_ABOUT_RETURN_TYPE = YES_ERROR;
				GCC_WARN_UNDECLARED_SELECTOR = YES;
				GCC_WARN_UNINITIALIZED_AUTOS = YES_AGGRESSIVE;
				GCC_WARN_UNUSED_FUNCTION = YES;
				GCC_WARN_UNUSED_VARIABLE = YES;
				IPHONEOS_DEPLOYMENT_TARGET = 13.4;
				MTL_ENABLE_DEBUG_INFO = INCLUDE_SOURCE;
				MTL_FAST_MATH = YES;
				ONLY_ACTIVE_ARCH = YES;
				SDKROOT = iphoneos;
				SWIFT_ACTIVE_COMPILATION_CONDITIONS = DEBUG;
				SWIFT_OPTIMIZATION_LEVEL = "-Onone";
			};
			name = Debug;
		};
		74615ACD245EA0F400B078E9 /* Release */ = {
			isa = XCBuildConfiguration;
			buildSettings = {
				ALWAYS_SEARCH_USER_PATHS = NO;
				CLANG_ANALYZER_NONNULL = YES;
				CLANG_ANALYZER_NUMBER_OBJECT_CONVERSION = YES_AGGRESSIVE;
				CLANG_CXX_LANGUAGE_STANDARD = "gnu++14";
				CLANG_CXX_LIBRARY = "libc++";
				CLANG_ENABLE_MODULES = YES;
				CLANG_ENABLE_OBJC_ARC = YES;
				CLANG_ENABLE_OBJC_WEAK = YES;
				CLANG_WARN_BLOCK_CAPTURE_AUTORELEASING = YES;
				CLANG_WARN_BOOL_CONVERSION = YES;
				CLANG_WARN_COMMA = YES;
				CLANG_WARN_CONSTANT_CONVERSION = YES;
				CLANG_WARN_DEPRECATED_OBJC_IMPLEMENTATIONS = YES;
				CLANG_WARN_DIRECT_OBJC_ISA_USAGE = YES_ERROR;
				CLANG_WARN_DOCUMENTATION_COMMENTS = YES;
				CLANG_WARN_EMPTY_BODY = YES;
				CLANG_WARN_ENUM_CONVERSION = YES;
				CLANG_WARN_INFINITE_RECURSION = YES;
				CLANG_WARN_INT_CONVERSION = YES;
				CLANG_WARN_NON_LITERAL_NULL_CONVERSION = YES;
				CLANG_WARN_OBJC_IMPLICIT_RETAIN_SELF = YES;
				CLANG_WARN_OBJC_LITERAL_CONVERSION = YES;
				CLANG_WARN_OBJC_ROOT_CLASS = YES_ERROR;
				CLANG_WARN_RANGE_LOOP_ANALYSIS = YES;
				CLANG_WARN_STRICT_PROTOTYPES = YES;
				CLANG_WARN_SUSPICIOUS_MOVE = YES;
				CLANG_WARN_UNGUARDED_AVAILABILITY = YES_AGGRESSIVE;
				CLANG_WARN_UNREACHABLE_CODE = YES;
				CLANG_WARN__DUPLICATE_METHOD_MATCH = YES;
				COPY_PHASE_STRIP = NO;
				DEBUG_INFORMATION_FORMAT = "dwarf-with-dsym";
				ENABLE_NS_ASSERTIONS = NO;
				ENABLE_STRICT_OBJC_MSGSEND = YES;
				GCC_C_LANGUAGE_STANDARD = gnu11;
				GCC_NO_COMMON_BLOCKS = YES;
				GCC_WARN_64_TO_32_BIT_CONVERSION = YES;
				GCC_WARN_ABOUT_RETURN_TYPE = YES_ERROR;
				GCC_WARN_UNDECLARED_SELECTOR = YES;
				GCC_WARN_UNINITIALIZED_AUTOS = YES_AGGRESSIVE;
				GCC_WARN_UNUSED_FUNCTION = YES;
				GCC_WARN_UNUSED_VARIABLE = YES;
				IPHONEOS_DEPLOYMENT_TARGET = 13.4;
				MTL_ENABLE_DEBUG_INFO = NO;
				MTL_FAST_MATH = YES;
				SDKROOT = iphoneos;
				SWIFT_COMPILATION_MODE = wholemodule;
				SWIFT_OPTIMIZATION_LEVEL = "-O";
				VALIDATE_PRODUCT = YES;
			};
			name = Release;
		};
		74615ACF245EA0F400B078E9 /* Debug */ = {
			isa = XCBuildConfiguration;
			buildSettings = {
				ASSETCATALOG_COMPILER_APPICON_NAME = AppIcon;
				CODE_SIGN_STYLE = Automatic;
				DEVELOPMENT_TEAM = QH2TRFJ5GF;
				INFOPLIST_FILE = "Chance of Rain/Info.plist";
				LD_RUNPATH_SEARCH_PATHS = (
					"$(inherited)",
					"@executable_path/Frameworks",
				);
				PRODUCT_BUNDLE_IDENTIFIER = "com.yuyaharada.Chance-of-Rain";
				PRODUCT_NAME = "$(TARGET_NAME)";
				SWIFT_VERSION = 5.0;
				TARGETED_DEVICE_FAMILY = "1,2";
			};
			name = Debug;
		};
		74615AD0245EA0F400B078E9 /* Release */ = {
			isa = XCBuildConfiguration;
			buildSettings = {
				ASSETCATALOG_COMPILER_APPICON_NAME = AppIcon;
				CODE_SIGN_STYLE = Automatic;
				DEVELOPMENT_TEAM = QH2TRFJ5GF;
				INFOPLIST_FILE = "Chance of Rain/Info.plist";
				LD_RUNPATH_SEARCH_PATHS = (
					"$(inherited)",
					"@executable_path/Frameworks",
				);
				PRODUCT_BUNDLE_IDENTIFIER = "com.yuyaharada.Chance-of-Rain";
				PRODUCT_NAME = "$(TARGET_NAME)";
				SWIFT_VERSION = 5.0;
				TARGETED_DEVICE_FAMILY = "1,2";
			};
			name = Release;
		};
/* End XCBuildConfiguration section */

/* Begin XCConfigurationList section */
		74615AB5245EA0EC00B078E9 /* Build configuration list for PBXProject "Chance of Rain" */ = {
			isa = XCConfigurationList;
			buildConfigurations = (
				74615ACC245EA0F400B078E9 /* Debug */,
				74615ACD245EA0F400B078E9 /* Release */,
			);
			defaultConfigurationIsVisible = 0;
			defaultConfigurationName = Release;
		};
		74615ACE245EA0F400B078E9 /* Build configuration list for PBXNativeTarget "Chance of Rain" */ = {
			isa = XCConfigurationList;
			buildConfigurations = (
				74615ACF245EA0F400B078E9 /* Debug */,
				74615AD0245EA0F400B078E9 /* Release */,
			);
			defaultConfigurationIsVisible = 0;
			defaultConfigurationName = Release;
		};
/* End XCConfigurationList section */
	};
	rootObject = 74615AB2245EA0EC00B078E9 /* Project object */;
}
